
Microsoft Visual Studio Solution File, Format Version 12.00
# Visual Studio 15
VisualStudioVersion = 15.0.27130.2027
MinimumVisualStudioVersion = 10.0.40219.1
Project("{9A19103F-16F7-4668-BE54-9A1E7A4F7556}") = "dot net", "dot net.csproj", "{0C026886-CB48-48C3-BB51-535E8FABA34A}"
EndProject
Global
	GlobalSection(SolutionConfigurationPlatforms) = preSolution
		Debug|Any CPU = Debug|Any CPU
		Release|Any CPU = Release|Any CPU
	EndGlobalSection
	GlobalSection(ProjectConfigurationPlatforms) = postSolution
		{0C026886-CB48-48C3-BB51-535E8FABA34A}.Debug|Any CPU.ActiveCfg = Debug|Any CPU
		{0C026886-CB48-48C3-BB51-535E8FABA34A}.Debug|Any CPU.Build.0 = Debug|Any CPU
		{0C026886-CB48-48C3-BB51-535E8FABA34A}.Release|Any CPU.ActiveCfg = Release|Any CPU
		{0C026886-CB48-48C3-BB51-535E8FABA34A}.Release|Any CPU.Build.0 = Release|Any CPU
	EndGlobalSection
	GlobalSection(SolutionProperties) = preSolution
		HideSolutionNode = FALSE
	EndGlobalSection
	GlobalSection(ExtensibilityGlobals) = postSolution
		SolutionGuid = {01D40830-7FEE-4042-9CA0-D487568A59DF}
	EndGlobalSection
EndGlobal
